<?xml version="1.0" encoding="utf-8"?>
<Project ToolsVersion="4.0" xmlns="http://schemas.microsoft.com/developer/msbuild/2003">
  <ItemGroup>
    <Filter Include="Elysia">
      <UniqueIdentifier>{01727e63-f350-4c4f-b5ee-1dec675025f1}</UniqueIdentifier>
    </Filter>
    <Filter Include="Elysia\ソース ファイル">
      <UniqueIdentifier>{4FC737F1-C7A5-4376-A066-2A32D752A2FF}</UniqueIdentifier>
      <Extensions>cpp;c;cc;cxx;c++;cppm;ixx;def;odl;idl;hpj;bat;asm;asmx</Extensions>
    </Filter>
    <Filter Include="Elysia\ヘッダー ファイル">
      <UniqueIdentifier>{93995380-89BD-4b04-88EB-625FBE52EBFB}</UniqueIdentifier>
      <Extensions>h;hh;hpp;hxx;h++;hm;inl;inc;ipp;xsd</Extensions>
    </Filter>
    <Filter Include="Elysia\リソース ファイル">
      <UniqueIdentifier>{67DA6AB6-F800-4c08-8B7A-83BB121AAD01}</UniqueIdentifier>
      <Extensions>rc;ico;cur;bmp;dlg;rc2;rct;bin;rgs;gif;jpg;jpeg;jpe;resx;tiff;tif;png;wav;mfcribbon-ms</Extensions>
    </Filter>
    <Filter Include="Project">
      <UniqueIdentifier>{ed7a5829-f449-4cd8-9481-3ff3fa608ab8}</UniqueIdentifier>
    </Filter>
    <Filter Include="Project\AllGameScene">
      <UniqueIdentifier>{d6f796fa-7bb8-4cdf-8773-48f91a98a341}</UniqueIdentifier>
    </Filter>
    <Filter Include="Elysia\ヘッダー ファイル\Audio">
      <UniqueIdentifier>{f7014dc7-5497-477b-9a59-58e1fcd60fa5}</UniqueIdentifier>
    </Filter>
    <Filter Include="Elysia\ソース ファイル\Audio">
      <UniqueIdentifier>{2d31c2b5-af60-4425-a2ba-c0cf21208b68}</UniqueIdentifier>
    </Filter>
    <Filter Include="Elysia\ソース ファイル\Camera">
      <UniqueIdentifier>{9e4f5faf-206e-4197-b3dc-d50bdd72a77d}</UniqueIdentifier>
    </Filter>
    <Filter Include="Elysia\ソース ファイル\DirectX">
      <UniqueIdentifier>{07469d0c-cf29-4036-8550-0bef1f5cad13}</UniqueIdentifier>
    </Filter>
    <Filter Include="Elysia\ソース ファイル\Windows">
      <UniqueIdentifier>{45dc0604-a6f0-4bd8-9b3f-2c00bd2808c2}</UniqueIdentifier>
    </Filter>
    <Filter Include="Elysia\ヘッダー ファイル\DirectX">
      <UniqueIdentifier>{6d72f6dd-1701-4526-b176-1c195fe793fb}</UniqueIdentifier>
    </Filter>
    <Filter Include="Elysia\ヘッダー ファイル\Windows">
      <UniqueIdentifier>{6a53f732-3689-4c9e-8d6e-1d26be2ab8e7}</UniqueIdentifier>
    </Filter>
    <Filter Include="Elysia\ソース ファイル\Framework">
      <UniqueIdentifier>{8e9c3537-2a6b-4664-b78d-ade1431dc996}</UniqueIdentifier>
    </Filter>
    <Filter Include="Elysia\ヘッダー ファイル\Camera">
      <UniqueIdentifier>{766ccf3a-fe71-4ffa-8ddc-09318c06d58a}</UniqueIdentifier>
    </Filter>
    <Filter Include="Elysia\ヘッダー ファイル\Framework">
      <UniqueIdentifier>{a5ab3a09-656f-43b5-bea0-0eab42ec925f}</UniqueIdentifier>
    </Filter>
    <Filter Include="Elysia\ソース ファイル\GlobalVariables">
      <UniqueIdentifier>{f6c7d4b7-8902-418e-8781-af53959d8b1c}</UniqueIdentifier>
    </Filter>
    <Filter Include="Elysia\ヘッダー ファイル\GlobalVariables">
      <UniqueIdentifier>{6ccb733d-77ff-4ebe-8445-5dd9fc9660c0}</UniqueIdentifier>
    </Filter>
    <Filter Include="Elysia\ソース ファイル\Input">
      <UniqueIdentifier>{9cac607f-151b-4887-83ed-5a3249dee2c1}</UniqueIdentifier>
    </Filter>
    <Filter Include="Elysia\ヘッダー ファイル\Input">
      <UniqueIdentifier>{bb075939-597d-4069-a1fe-c9c9755c3534}</UniqueIdentifier>
    </Filter>
    <Filter Include="Elysia\ソース ファイル\Light">
      <UniqueIdentifier>{0fa42c00-6c0d-4d95-80e9-6dfff2e64a9a}</UniqueIdentifier>
    </Filter>
    <Filter Include="Elysia\ヘッダー ファイル\Light">
      <UniqueIdentifier>{76f2196d-f99c-470c-94bc-2bbf6ebd2ef6}</UniqueIdentifier>
    </Filter>
    <Filter Include="Elysia\ソース ファイル\Line">
      <UniqueIdentifier>{a0bdaed1-9744-4ba8-a762-a0500c308f22}</UniqueIdentifier>
    </Filter>
    <Filter Include="Elysia\ヘッダー ファイル\Line">
      <UniqueIdentifier>{0bfea1dc-e125-4fe7-a463-e45b7ad50fe9}</UniqueIdentifier>
    </Filter>
    <Filter Include="Elysia\ソース ファイル\Manager">
      <UniqueIdentifier>{cd955235-ee0a-4a28-992f-4714a3d33e1d}</UniqueIdentifier>
    </Filter>
    <Filter Include="Elysia\ヘッダー ファイル\Manager">
      <UniqueIdentifier>{c3bdca13-a126-4364-b0fa-10845b5c0919}</UniqueIdentifier>
    </Filter>
    <Filter Include="Elysia\ヘッダー ファイル\Material">
      <UniqueIdentifier>{cb2e4b7c-6791-4d22-8758-5a71df0c3e3c}</UniqueIdentifier>
    </Filter>
    <Filter Include="Elysia\ソース ファイル\Material">
      <UniqueIdentifier>{fd08c387-ae96-43a0-a4a4-473f7bccd9bc}</UniqueIdentifier>
    </Filter>
    <Filter Include="Elysia\ヘッダー ファイル\Math">
      <UniqueIdentifier>{6cc2fd52-a5df-4129-a528-657d41bfc17a}</UniqueIdentifier>
    </Filter>
    <Filter Include="Elysia\ヘッダー ファイル\Math\Matrix">
      <UniqueIdentifier>{a15488a0-cea1-4125-817f-a6dff9a60ce3}</UniqueIdentifier>
    </Filter>
    <Filter Include="Elysia\ソース ファイル\Math">
      <UniqueIdentifier>{9086f038-872b-486f-8417-ce0a127b9bb0}</UniqueIdentifier>
    </Filter>
    <Filter Include="Elysia\ヘッダー ファイル\Math\Quaternion">
      <UniqueIdentifier>{26a4fd5d-3e96-4f0f-a74b-db3ea8194236}</UniqueIdentifier>
    </Filter>
    <Filter Include="Elysia\ヘッダー ファイル\Math\Shape">
      <UniqueIdentifier>{8b1008f8-8c1b-407a-b406-f74ca493806f}</UniqueIdentifier>
    </Filter>
    <Filter Include="Elysia\ヘッダー ファイル\Math\Transform">
      <UniqueIdentifier>{263ad4a4-89bb-4f08-832b-11838f39840c}</UniqueIdentifier>
    </Filter>
    <Filter Include="Elysia\ヘッダー ファイル\Math\Vector">
      <UniqueIdentifier>{d6bb23e4-1c1c-4cfd-b173-3c7cf988b7eb}</UniqueIdentifier>
    </Filter>
    <Filter Include="Elysia\ヘッダー ファイル\Math\Calculation">
      <UniqueIdentifier>{51941b00-4831-466f-9b27-f565ec58e0da}</UniqueIdentifier>
    </Filter>
    <Filter Include="Elysia\ヘッダー ファイル\Math\Easing">
      <UniqueIdentifier>{3349e416-e889-47a7-8697-4a73e0a0b6e0}</UniqueIdentifier>
    </Filter>
    <Filter Include="Elysia\ヘッダー ファイル\Polygone">
      <UniqueIdentifier>{9f0fded0-6001-4780-a3cb-9dc7ac77079a}</UniqueIdentifier>
    </Filter>
    <Filter Include="Elysia\ヘッダー ファイル\Polygone\2D">
      <UniqueIdentifier>{70bac457-463a-484b-86b5-f6b70e56b305}</UniqueIdentifier>
    </Filter>
    <Filter Include="Elysia\ヘッダー ファイル\Polygone\3D">
      <UniqueIdentifier>{edfe5fba-79d6-43df-8522-dd5c08a1fae2}</UniqueIdentifier>
    </Filter>
    <Filter Include="Elysia\ソース ファイル\Polygone">
      <UniqueIdentifier>{2e62b70c-3781-4aa4-98a0-f2737a7ebadb}</UniqueIdentifier>
    </Filter>
    <Filter Include="Elysia\ソース ファイル\Polygone\2D">
      <UniqueIdentifier>{e9d2c226-ee76-4d98-a082-d2d5c851a2e0}</UniqueIdentifier>
    </Filter>
    <Filter Include="Elysia\ソース ファイル\Polygone\3D">
      <UniqueIdentifier>{2f9d655c-7e5d-4304-b101-0b14cc361eb1}</UniqueIdentifier>
    </Filter>
    <Filter Include="Elysia\ソース ファイル\Polygone\3D\Model">
      <UniqueIdentifier>{3b731382-4645-4620-af4e-25c1750c34d9}</UniqueIdentifier>
    </Filter>
    <Filter Include="Elysia\ソース ファイル\Polygone\3D\Particle">
      <UniqueIdentifier>{bb3ab20d-5823-49b4-bc89-0bd08fc52a4e}</UniqueIdentifier>
    </Filter>
    <Filter Include="Elysia\ヘッダー ファイル\Polygone\3D\Model">
      <UniqueIdentifier>{1dd3d986-0898-4431-ba01-1b9f0bdeeda0}</UniqueIdentifier>
    </Filter>
    <Filter Include="Elysia\ヘッダー ファイル\Polygone\3D\Particle">
      <UniqueIdentifier>{1b424a61-00de-4e1c-917c-e3989923998b}</UniqueIdentifier>
    </Filter>
    <Filter Include="Elysia\ヘッダー ファイル\Polygone\PostEffct">
      <UniqueIdentifier>{1da623ef-7fe9-4541-a36e-c1c490306233}</UniqueIdentifier>
    </Filter>
    <Filter Include="Elysia\ヘッダー ファイル\StringOption">
      <UniqueIdentifier>{72675bbe-7b7e-40e6-a6bc-b7c769b9e373}</UniqueIdentifier>
    </Filter>
    <Filter Include="Elysia\ソース ファイル\StringOption">
      <UniqueIdentifier>{bb676d31-fda4-4e24-9913-b6afc0c6b808}</UniqueIdentifier>
    </Filter>
    <Filter Include="Elysia\ソース ファイル\Polygone\3D\PostEffct">
      <UniqueIdentifier>{651686b2-090a-4838-8c6e-6aa69d7778a5}</UniqueIdentifier>
    </Filter>
    <Filter Include="Elysia\ソース ファイル\Convert">
      <UniqueIdentifier>{a018753d-38bc-4b5f-a86c-6a9be8fcbc9c}</UniqueIdentifier>
    </Filter>
    <Filter Include="Elysia\ヘッダー ファイル\Convert">
      <UniqueIdentifier>{524c6be5-c01f-4488-83ee-8c6fbdb8bfe9}</UniqueIdentifier>
    </Filter>
    <Filter Include="Elysia\ソース ファイル\Manager\Animation">
      <UniqueIdentifier>{8ad00c0d-911e-4e45-bbab-4df5e4de7770}</UniqueIdentifier>
    </Filter>
    <Filter Include="Elysia\ヘッダー ファイル\Manager\Animation">
      <UniqueIdentifier>{d1922a48-3c8d-4163-9c6f-9127f0f11b97}</UniqueIdentifier>
    </Filter>
    <Filter Include="Elysia\ソース ファイル\Manager\Collision">
      <UniqueIdentifier>{61bd1c91-93fd-4ee2-a7ef-2c4ed16491b5}</UniqueIdentifier>
    </Filter>
    <Filter Include="Elysia\ヘッダー ファイル\Manager\Collision">
      <UniqueIdentifier>{5006744d-c635-4c6b-b15e-0032183e62d4}</UniqueIdentifier>
    </Filter>
    <Filter Include="Elysia\ヘッダー ファイル\Manager\Game">
      <UniqueIdentifier>{6629ad91-2269-4eed-b43c-7fac157291a2}</UniqueIdentifier>
    </Filter>
    <Filter Include="Elysia\ソース ファイル\Manager\Game">
      <UniqueIdentifier>{047641a2-f6d9-42ff-9ac5-0b6097afd3a0}</UniqueIdentifier>
    </Filter>
    <Filter Include="Elysia\ソース ファイル\Manager\ImGui">
      <UniqueIdentifier>{b63f5cef-a23f-4566-a0bd-cad42d349163}</UniqueIdentifier>
    </Filter>
    <Filter Include="Elysia\ヘッダー ファイル\Manager\ImGui">
      <UniqueIdentifier>{76977275-0a18-4544-96f6-0c6f2f2a0f04}</UniqueIdentifier>
    </Filter>
    <Filter Include="Elysia\ヘッダー ファイル\Manager\Level">
      <UniqueIdentifier>{1e4b9e76-be43-439d-9639-19387a50956e}</UniqueIdentifier>
    </Filter>
    <Filter Include="Elysia\ソース ファイル\Manager\Level">
      <UniqueIdentifier>{b25c3840-473c-4fba-b57d-1e2755ee5e26}</UniqueIdentifier>
    </Filter>
    <Filter Include="Elysia\ソース ファイル\Manager\Level\Model">
      <UniqueIdentifier>{0f89e765-af5f-41b4-8a2e-4e86c23387ea}</UniqueIdentifier>
    </Filter>
    <Filter Include="Elysia\ソース ファイル\Manager\Level\Collider">
      <UniqueIdentifier>{b367776f-a0d2-43f5-a727-a13b2c4fdd2f}</UniqueIdentifier>
    </Filter>
    <Filter Include="Elysia\ヘッダー ファイル\Manager\Level\Mode">
      <UniqueIdentifier>{203bdaf1-61b5-4479-930e-fc232829d8f0}</UniqueIdentifier>
    </Filter>
    <Filter Include="Elysia\ヘッダー ファイル\Manager\Level\Collider">
      <UniqueIdentifier>{27b57ef2-10cd-460f-b294-125cf04e95e9}</UniqueIdentifier>
    </Filter>
    <Filter Include="Elysia\ソース ファイル\Manager\Model">
      <UniqueIdentifier>{fa3de637-9020-443f-b5fb-3c81b805e417}</UniqueIdentifier>
    </Filter>
    <Filter Include="Elysia\ヘッダー ファイル\Manager\Model">
      <UniqueIdentifier>{9db2c1eb-1354-43f8-96f7-96857ada4536}</UniqueIdentifier>
    </Filter>
    <Filter Include="Elysia\ソース ファイル\Manager\Pipeline">
      <UniqueIdentifier>{ea695a14-0297-4891-9680-48db60817e61}</UniqueIdentifier>
    </Filter>
    <Filter Include="Elysia\ヘッダー ファイル\Manager\Pipeline">
      <UniqueIdentifier>{00c8833f-14dd-486b-b9f1-7688cda19401}</UniqueIdentifier>
    </Filter>
    <Filter Include="Elysia\ヘッダー ファイル\Manager\Rtv">
      <UniqueIdentifier>{a2f8f5e7-8668-4452-9e21-9b485ceb03c4}</UniqueIdentifier>
    </Filter>
    <Filter Include="Elysia\ソース ファイル\Manager\Rtv">
      <UniqueIdentifier>{c229cd85-541a-4683-b94b-075761ab9be8}</UniqueIdentifier>
    </Filter>
    <Filter Include="Elysia\ソース ファイル\Manager\Srv">
      <UniqueIdentifier>{cfac01d2-1854-4b81-a561-c2c51b5c898f}</UniqueIdentifier>
    </Filter>
    <Filter Include="Elysia\ヘッダー ファイル\Manager\Srv">
      <UniqueIdentifier>{df0185aa-e85e-494f-a724-1ce0647e2c41}</UniqueIdentifier>
    </Filter>
    <Filter Include="Elysia\ヘッダー ファイル\Manager\Texture">
      <UniqueIdentifier>{0f21ffa1-df39-4639-a13a-e25ad5b07ad3}</UniqueIdentifier>
    </Filter>
    <Filter Include="Elysia\ソース ファイル\Manager\Texture">
      <UniqueIdentifier>{0a783e46-1515-4e6f-98ac-8e668d926bea}</UniqueIdentifier>
    </Filter>
  </ItemGroup>
  <ItemGroup>
    <ClCompile Include="Project\AllGameScene\GameSceneFactory.cpp">
      <Filter>Project\AllGameScene</Filter>
    </ClCompile>
    <ClCompile Include="Project\AllGameScene\TestScene\TestScene.cpp">
      <Filter>Project\AllGameScene</Filter>
    </ClCompile>
    <ClCompile Include="Elysia\Audio\Audio.cpp">
      <Filter>Elysia\ソース ファイル\Audio</Filter>
    </ClCompile>
    <ClCompile Include="Elysia\Camera\Camera.cpp">
      <Filter>Elysia\ソース ファイル\Camera</Filter>
    </ClCompile>
    <ClCompile Include="Elysia\DirectX\DirectXSetup.cpp">
      <Filter>Elysia\ソース ファイル\DirectX</Filter>
    </ClCompile>
    <ClCompile Include="Elysia\Windows\WindowsSetup.cpp">
      <Filter>Elysia\ソース ファイル\Windows</Filter>
    </ClCompile>
    <ClCompile Include="Elysia\Framework\Framework.cpp">
      <Filter>Elysia\ソース ファイル\Framework</Filter>
    </ClCompile>
    <ClCompile Include="Elysia\GlobalVariables\GlobalVariables.cpp">
      <Filter>Elysia\ソース ファイル\GlobalVariables</Filter>
    </ClCompile>
    <ClCompile Include="Elysia\Input\Input.cpp">
      <Filter>Elysia\ソース ファイル\Input</Filter>
    </ClCompile>
    <ClCompile Include="Elysia\Lighting\DirectionalLight.cpp">
      <Filter>Elysia\ヘッダー ファイル\Light</Filter>
    </ClCompile>
    <ClCompile Include="Elysia\Lighting\PointLight.cpp">
      <Filter>Elysia\ヘッダー ファイル\Light</Filter>
    </ClCompile>
    <ClCompile Include="Elysia\Lighting\SpotLight.cpp">
      <Filter>Elysia\ヘッダー ファイル\Light</Filter>
    </ClCompile>
    <ClCompile Include="Elysia\Line\Line.cpp">
      <Filter>Elysia\ソース ファイル\Line</Filter>
    </ClCompile>
    <ClCompile Include="Elysia\Material\Dissolve\Dissolve.cpp">
      <Filter>Elysia\ソース ファイル\Material</Filter>
    </ClCompile>
    <ClCompile Include="Elysia\Material\Material.cpp">
      <Filter>Elysia\ソース ファイル\Material</Filter>
    </ClCompile>
    <ClCompile Include="Elysia\Material\RandomNoise\RandomNoise.cpp">
      <Filter>Elysia\ソース ファイル\Material</Filter>
    </ClCompile>
    <ClCompile Include="Elysia\Material\Vignette\Vignette.cpp">
      <Filter>Elysia\ソース ファイル\Material</Filter>
    </ClCompile>
    <ClCompile Include="Elysia\Math\Matrix\Calculation\Matrix4x4Calculation.cpp">
      <Filter>Elysia\ソース ファイル\Math</Filter>
    </ClCompile>
    <ClCompile Include="Elysia\Math\Collision\CollisionCalculation.cpp">
      <Filter>Elysia\ソース ファイル\Math</Filter>
    </ClCompile>
    <ClCompile Include="Elysia\Math\PushBackCalculation\PushBackCalculation.cpp">
      <Filter>Elysia\ソース ファイル\Math</Filter>
    </ClCompile>
    <ClCompile Include="Elysia\Math\Quaternion\Calculation\QuaternionCalculation.cpp">
      <Filter>Elysia\ソース ファイル\Math</Filter>
    </ClCompile>
    <ClCompile Include="Elysia\Math\Single\SingleCalculation.cpp">
      <Filter>Elysia\ソース ファイル\Math</Filter>
    </ClCompile>
    <ClCompile Include="Elysia\Math\Vector\Calculation\VectorCalculation.cpp">
      <Filter>Elysia\ソース ファイル\Math</Filter>
    </ClCompile>
    <ClCompile Include="Elysia\Math\Transform\WorldTransform.cpp">
      <Filter>Elysia\ソース ファイル\Math</Filter>
    </ClCompile>
    <ClCompile Include="Elysia\Polygon\2D\Sprite\Sprite.cpp">
      <Filter>Elysia\ソース ファイル\Polygone\2D</Filter>
    </ClCompile>
    <ClCompile Include="Elysia\Polygon\2D\Triangle\Triangle.cpp">
      <Filter>Elysia\ソース ファイル\Polygone\2D</Filter>
    </ClCompile>
    <ClCompile Include="Elysia\Polygon\3D\SkyBox\SkyBox.cpp">
      <Filter>Elysia\ソース ファイル\Polygone\3D</Filter>
    </ClCompile>
    <ClCompile Include="Elysia\Polygon\3D\Sphere\Sphere.cpp">
      <Filter>Elysia\ソース ファイル\Polygone\3D</Filter>
    </ClCompile>
    <ClCompile Include="Elysia\Polygon\3D\AnimationModel\AnimationModel.cpp">
      <Filter>Elysia\ソース ファイル\Polygone\3D\Model</Filter>
    </ClCompile>
    <ClCompile Include="Elysia\Polygon\3D\InstancingModel\InstancingModel.cpp">
      <Filter>Elysia\ソース ファイル\Polygone\3D\Model</Filter>
    </ClCompile>
    <ClCompile Include="Elysia\Polygon\3D\Model\Model.cpp">
      <Filter>Elysia\ソース ファイル\Polygone\3D\Model</Filter>
    </ClCompile>
    <ClCompile Include="Elysia\Polygon\3D\Particle3D\Particle3D.cpp">
      <Filter>Elysia\ソース ファイル\Polygone\3D\Particle</Filter>
    </ClCompile>
    <ClCompile Include="Elysia\Polygon\3D\Particle3D\ParticleEmitter.cpp">
      <Filter>Elysia\ソース ファイル\Polygone\3D\Particle</Filter>
    </ClCompile>
    <ClCompile Include="Elysia\StringOption\StringOption.cpp">
      <Filter>Elysia\ソース ファイル\StringOption</Filter>
    </ClCompile>
    <ClCompile Include="Elysia\Polygon\PostEffect\BackTexture\BackTexture.cpp">
      <Filter>Elysia\ソース ファイル\Polygone\3D\PostEffct</Filter>
    </ClCompile>
    <ClCompile Include="Elysia\Polygon\PostEffect\BoxFilter\BoxFilter.cpp">
      <Filter>Elysia\ソース ファイル\Polygone\3D\PostEffct</Filter>
    </ClCompile>
    <ClCompile Include="Elysia\Polygon\PostEffect\Dissolve\DissolveEffect.cpp">
      <Filter>Elysia\ソース ファイル\Polygone\3D\PostEffct</Filter>
    </ClCompile>
    <ClCompile Include="Elysia\Polygon\PostEffect\GaussianFilter\GaussianFilter.cpp">
      <Filter>Elysia\ソース ファイル\Polygone\3D\PostEffct</Filter>
    </ClCompile>
    <ClCompile Include="Elysia\Polygon\PostEffect\GrayScale\GrayScale.cpp">
      <Filter>Elysia\ソース ファイル\Polygone\3D\PostEffct</Filter>
    </ClCompile>
    <ClCompile Include="Elysia\Polygon\PostEffect\LuminanceBasedOutline\LuminanceBasedOutline.cpp">
      <Filter>Elysia\ソース ファイル\Polygone\3D\PostEffct</Filter>
    </ClCompile>
    <ClCompile Include="Elysia\Polygon\PostEffect\RadialBlur\RadialBlur.cpp">
      <Filter>Elysia\ソース ファイル\Polygone\3D\PostEffct</Filter>
    </ClCompile>
    <ClCompile Include="Elysia\Polygon\PostEffect\RandomNoise\RandomNoisePostEffect.cpp">
      <Filter>Elysia\ソース ファイル\Polygone\3D\PostEffct</Filter>
    </ClCompile>
    <ClCompile Include="Elysia\Polygon\PostEffect\SepiaScale\SepiaScale.cpp">
      <Filter>Elysia\ソース ファイル\Polygone\3D\PostEffct</Filter>
    </ClCompile>
    <ClCompile Include="Elysia\Polygon\PostEffect\Vignette\VignettePostEffect.cpp">
      <Filter>Elysia\ソース ファイル\Polygone\3D\PostEffct</Filter>
    </ClCompile>
    <ClCompile Include="Elysia\Convert\Convert.cpp">
      <Filter>Elysia\ソース ファイル\Convert</Filter>
    </ClCompile>
    <ClCompile Include="Elysia\main.cpp">
      <Filter>Elysia\ソース ファイル</Filter>
    </ClCompile>
    <ClCompile Include="Elysia\Manager\Animation\AnimationManager.cpp">
      <Filter>Elysia\ソース ファイル\Manager\Animation</Filter>
    </ClCompile>
    <ClCompile Include="Elysia\Manager\Animation\Animation\Animation.cpp">
      <Filter>Elysia\ソース ファイル\Manager\Animation</Filter>
    </ClCompile>
    <ClCompile Include="Elysia\Manager\Animation\Joint\Joint.cpp">
      <Filter>Elysia\ソース ファイル\Manager\Animation</Filter>
    </ClCompile>
    <ClCompile Include="Elysia\Manager\Animation\Node\ReadNode.cpp">
      <Filter>Elysia\ソース ファイル\Manager\Animation</Filter>
    </ClCompile>
    <ClCompile Include="Elysia\Manager\Animation\Skeleton\Skeleton.cpp">
      <Filter>Elysia\ソース ファイル\Manager\Animation</Filter>
    </ClCompile>
    <ClCompile Include="Elysia\Manager\Animation\SkinCluster\SkinCluster.cpp">
      <Filter>Elysia\ソース ファイル\Manager\Animation</Filter>
    </ClCompile>
    <ClCompile Include="Elysia\Manager\Collision\CollisionManager.cpp">
      <Filter>Elysia\ソース ファイル\Manager\Collision</Filter>
    </ClCompile>
    <ClCompile Include="Elysia\Manager\Game\GameManager.cpp">
      <Filter>Elysia\ヘッダー ファイル\Manager\Game</Filter>
    </ClCompile>
    <ClCompile Include="Elysia\Manager\ImGui\ImGuiManager.cpp">
      <Filter>Elysia\ソース ファイル\Manager\ImGui</Filter>
    </ClCompile>
    <ClCompile Include="Elysia\Manager\LevelData\LevelDataManager.cpp">
      <Filter>Elysia\ソース ファイル\Manager\Level</Filter>
    </ClCompile>
    <ClCompile Include="Elysia\Manager\LevelData\Model\AudioObjectForLevelEditor.cpp">
      <Filter>Elysia\ソース ファイル\Manager\Level\Model</Filter>
    </ClCompile>
    <ClCompile Include="Elysia\Manager\LevelData\Model\BaseObjectForLevelEditor.cpp">
      <Filter>Elysia\ソース ファイル\Manager\Level\Model</Filter>
    </ClCompile>
    <ClCompile Include="Elysia\Manager\LevelData\Model\StageObjectForLevelEditor.cpp">
      <Filter>Elysia\ソース ファイル\Manager\Level\Model</Filter>
    </ClCompile>
    <ClCompile Include="Elysia\Manager\LevelData\Model\AudioObjectForLevelEditorCollider.cpp">
      <Filter>Elysia\ソース ファイル\Manager\Level\Collider</Filter>
    </ClCompile>
    <ClCompile Include="Elysia\Manager\LevelData\Model\StageObjectForLevelEditorCollider.cpp">
      <Filter>Elysia\ソース ファイル\Manager\Level\Collider</Filter>
    </ClCompile>
    <ClCompile Include="Elysia\Manager\Model\ModelManager.cpp">
      <Filter>Elysia\ソース ファイル\Manager\Model</Filter>
    </ClCompile>
    <ClCompile Include="Elysia\Manager\Pipeline\PipelineManager.cpp">
      <Filter>Elysia\ソース ファイル\Manager\Pipeline</Filter>
    </ClCompile>
    <ClCompile Include="Elysia\Manager\Rtv\RtvManager.cpp">
      <Filter>Elysia\ソース ファイル\Manager\Rtv</Filter>
    </ClCompile>
    <ClCompile Include="Elysia\Manager\Srv\SrvManager.cpp">
      <Filter>Elysia\ソース ファイル\Manager\Srv</Filter>
    </ClCompile>
    <ClCompile Include="Elysia\Manager\Texture\TextureManager.cpp">
      <Filter>Elysia\ソース ファイル\Manager\Texture</Filter>
    </ClCompile>
  </ItemGroup>
  <ItemGroup>
    <None Include=".editorconfig">
      <Filter>Elysia</Filter>
    </None>
  </ItemGroup>
  <ItemGroup>
    <ClInclude Include="Project\CollisionConfig\CollisionConfig.h">
      <Filter>Project</Filter>
    </ClInclude>
    <ClInclude Include="Project\AllGameScene\GameSceneFactory.h">
      <Filter>Project\AllGameScene</Filter>
    </ClInclude>
    <ClInclude Include="Project\AllGameScene\TestScene\TestScene.h">
      <Filter>Project\AllGameScene</Filter>
    </ClInclude>
    <ClInclude Include="Elysia\Audio\Audio.h">
      <Filter>Elysia\ヘッダー ファイル\Audio</Filter>
    </ClInclude>
    <ClInclude Include="Elysia\Audio\AudioInformation.h">
      <Filter>Elysia\ヘッダー ファイル\Audio</Filter>
    </ClInclude>
    <ClInclude Include="Elysia\Audio\AudioScale.h">
      <Filter>Elysia\ヘッダー ファイル\Audio</Filter>
    </ClInclude>
    <ClInclude Include="Elysia\Windows\WindowsSetup.h">
      <Filter>Elysia\ヘッダー ファイル\Windows</Filter>
    </ClInclude>
    <ClInclude Include="Elysia\DirectX\DirectXSetup.h">
      <Filter>Elysia\ヘッダー ファイル\DirectX</Filter>
    </ClInclude>
    <ClInclude Include="Elysia\Camera\Camera.h">
      <Filter>Elysia\ヘッダー ファイル\Camera</Filter>
    </ClInclude>
    <ClInclude Include="Elysia\Framework\Framework.h">
      <Filter>Elysia\ヘッダー ファイル\Framework</Filter>
    </ClInclude>
    <ClInclude Include="Elysia\GlobalVariables\GlobalVariables.h">
      <Filter>Elysia\ヘッダー ファイル\GlobalVariables</Filter>
    </ClInclude>
    <ClInclude Include="Elysia\Input\Input.h">
      <Filter>Elysia\ヘッダー ファイル\Input</Filter>
    </ClInclude>
    <ClInclude Include="Elysia\Lighting\DirectionalLight.h">
      <Filter>Elysia\ソース ファイル\Light</Filter>
    </ClInclude>
    <ClInclude Include="Elysia\Lighting\LightingType.h">
      <Filter>Elysia\ソース ファイル\Light</Filter>
    </ClInclude>
    <ClInclude Include="Elysia\Lighting\PointLight.h">
      <Filter>Elysia\ソース ファイル\Light</Filter>
    </ClInclude>
    <ClInclude Include="Elysia\Lighting\SpotLight.h">
      <Filter>Elysia\ソース ファイル\Light</Filter>
    </ClInclude>
    <ClInclude Include="Elysia\Line\Line.h">
      <Filter>Elysia\ヘッダー ファイル\Line</Filter>
    </ClInclude>
    <ClInclude Include="Elysia\Material\Color.h">
      <Filter>Elysia\ヘッダー ファイル\Material</Filter>
    </ClInclude>
    <ClInclude Include="Elysia\Material\Material.h">
      <Filter>Elysia\ヘッダー ファイル\Material</Filter>
    </ClInclude>
    <ClInclude Include="Elysia\Material\Dissolve\Dissolve.h">
      <Filter>Elysia\ヘッダー ファイル\Material</Filter>
    </ClInclude>
    <ClInclude Include="Elysia\Material\RandomNoise\RandomNoise.h">
      <Filter>Elysia\ヘッダー ファイル\Material</Filter>
    </ClInclude>
    <ClInclude Include="Elysia\Material\Vignette\Vignette.h">
      <Filter>Elysia\ヘッダー ファイル\Material</Filter>
    </ClInclude>
    <ClInclude Include="Elysia\Math\Matrix\Matrix3x3.h">
      <Filter>Elysia\ヘッダー ファイル\Math\Matrix</Filter>
    </ClInclude>
    <ClInclude Include="Elysia\Math\Matrix\Matrix4x4.h">
      <Filter>Elysia\ヘッダー ファイル\Math\Matrix</Filter>
    </ClInclude>
    <ClInclude Include="Elysia\Math\Matrix\Calculation\Matrix4x4Calculation.h">
      <Filter>Elysia\ヘッダー ファイル\Math\Matrix</Filter>
    </ClInclude>
    <ClInclude Include="Elysia\Math\Matrix\TransformationMatrix.h">
      <Filter>Elysia\ヘッダー ファイル\Math\Matrix</Filter>
    </ClInclude>
    <ClInclude Include="Elysia\Math\Quaternion\Quaternion.h">
      <Filter>Elysia\ヘッダー ファイル\Math\Quaternion</Filter>
    </ClInclude>
    <ClInclude Include="Elysia\Math\Quaternion\Calculation\QuaternionCalculation.h">
      <Filter>Elysia\ヘッダー ファイル\Math\Quaternion</Filter>
    </ClInclude>
    <ClInclude Include="Elysia\Math\Shape\AABB.h">
      <Filter>Elysia\ヘッダー ファイル\Math\Shape</Filter>
    </ClInclude>
    <ClInclude Include="Elysia\Math\Shape\Fan.h">
      <Filter>Elysia\ヘッダー ファイル\Math\Shape</Filter>
    </ClInclude>
    <ClInclude Include="Elysia\Math\Shape\Plane.h">
      <Filter>Elysia\ヘッダー ファイル\Math\Shape</Filter>
    </ClInclude>
    <ClInclude Include="Elysia\Math\Shape\SphereShape.h">
      <Filter>Elysia\ヘッダー ファイル\Math\Shape</Filter>
    </ClInclude>
    <ClInclude Include="Elysia\Math\Transform\Transform.h">
      <Filter>Elysia\ヘッダー ファイル\Math\Transform</Filter>
    </ClInclude>
    <ClInclude Include="Elysia\Math\Transform\QuaternionTransform.h">
      <Filter>Elysia\ヘッダー ファイル\Math\Transform</Filter>
    </ClInclude>
    <ClInclude Include="Elysia\Math\Transform\EulerTransform.h">
      <Filter>Elysia\ヘッダー ファイル\Math\Transform</Filter>
    </ClInclude>
    <ClInclude Include="Elysia\Math\Vector\Vector2.h">
      <Filter>Elysia\ヘッダー ファイル\Math\Vector</Filter>
    </ClInclude>
    <ClInclude Include="Elysia\Math\Vector\Vector3.h">
      <Filter>Elysia\ヘッダー ファイル\Math\Vector</Filter>
    </ClInclude>
    <ClInclude Include="Elysia\Math\Vector\Vector4.h">
      <Filter>Elysia\ヘッダー ファイル\Math\Vector</Filter>
    </ClInclude>
    <ClInclude Include="Elysia\Math\Vector\Calculation\VectorCalculation.h">
      <Filter>Elysia\ヘッダー ファイル\Math\Vector</Filter>
    </ClInclude>
    <ClInclude Include="Elysia\Math\Vector\VertexData.h">
      <Filter>Elysia\ヘッダー ファイル\Math\Vector</Filter>
    </ClInclude>
    <ClInclude Include="Elysia\Math\Transform\WorldTransform.h">
      <Filter>Elysia\ヘッダー ファイル\Math\Transform</Filter>
    </ClInclude>
    <ClInclude Include="Elysia\Math\Collision\CollisionCalculation.h">
      <Filter>Elysia\ヘッダー ファイル\Math\Calculation</Filter>
    </ClInclude>
    <ClInclude Include="Elysia\Math\PushBackCalculation\PushBackCalculation.h">
      <Filter>Elysia\ヘッダー ファイル\Math\Calculation</Filter>
    </ClInclude>
    <ClInclude Include="Elysia\Math\Single\SingleCalculation.h">
      <Filter>Elysia\ヘッダー ファイル\Math\Calculation</Filter>
    </ClInclude>
    <ClInclude Include="Elysia\Math\Easing\Easing.h">
      <Filter>Elysia\ヘッダー ファイル\Math\Easing</Filter>
    </ClInclude>
    <ClInclude Include="Elysia\Polygon\2D\Sprite\Sprite.h">
      <Filter>Elysia\ヘッダー ファイル\Polygone\2D</Filter>
    </ClInclude>
    <ClInclude Include="Elysia\Polygon\2D\Triangle\Triangle.h">
      <Filter>Elysia\ヘッダー ファイル\Polygone\2D</Filter>
    </ClInclude>
    <ClInclude Include="Elysia\Polygon\3D\AnimationModel\AnimationModel.h">
      <Filter>Elysia\ヘッダー ファイル\Polygone\3D\Model</Filter>
    </ClInclude>
    <ClInclude Include="Elysia\Polygon\3D\InstancingModel\InstancingModel.h">
      <Filter>Elysia\ヘッダー ファイル\Polygone\3D\Model</Filter>
    </ClInclude>
    <ClInclude Include="Elysia\Polygon\3D\Model\Model.h">
      <Filter>Elysia\ヘッダー ファイル\Polygone\3D\Model</Filter>
    </ClInclude>
    <ClInclude Include="Elysia\Polygon\3D\SkyBox\SkyBox.h">
      <Filter>Elysia\ヘッダー ファイル\Polygone\3D</Filter>
    </ClInclude>
    <ClInclude Include="Elysia\Polygon\3D\Sphere\Sphere.h">
      <Filter>Elysia\ヘッダー ファイル\Polygone\3D</Filter>
    </ClInclude>
    <ClInclude Include="Elysia\Polygon\Particle\Emitter.h">
      <Filter>Elysia\ヘッダー ファイル\Polygone\3D\Particle</Filter>
    </ClInclude>
    <ClInclude Include="Elysia\Polygon\3D\Particle3D\Particle.h">
      <Filter>Elysia\ヘッダー ファイル\Polygone\3D\Particle</Filter>
    </ClInclude>
    <ClInclude Include="Elysia\Polygon\3D\Particle3D\Particle3D.h">
      <Filter>Elysia\ヘッダー ファイル\Polygone\3D\Particle</Filter>
    </ClInclude>
    <ClInclude Include="Elysia\Polygon\3D\Particle3D\ParticleEmitter.h">
      <Filter>Elysia\ヘッダー ファイル\Polygone\3D\Particle</Filter>
    </ClInclude>
    <ClInclude Include="Elysia\Polygon\Particle\ParticleMoveType.h">
      <Filter>Elysia\ヘッダー ファイル\Polygone\3D\Particle</Filter>
    </ClInclude>
    <ClInclude Include="Elysia\Polygon\3D\Particle3D\AccelerationField.h">
      <Filter>Elysia\ヘッダー ファイル\Polygone\3D\Particle</Filter>
    </ClInclude>
    <ClInclude Include="Elysia\Polygon\PostEffect\Vignette\VignettePostEffect.h">
      <Filter>Elysia\ヘッダー ファイル\Polygone\PostEffct</Filter>
    </ClInclude>
    <ClInclude Include="Elysia\Polygon\PostEffect\SepiaScale\SepiaScale.h">
      <Filter>Elysia\ヘッダー ファイル\Polygone\PostEffct</Filter>
    </ClInclude>
    <ClInclude Include="Elysia\Polygon\PostEffect\RandomNoise\RandomNoisePostEffect.h">
      <Filter>Elysia\ヘッダー ファイル\Polygone\PostEffct</Filter>
    </ClInclude>
    <ClInclude Include="Elysia\Polygon\PostEffect\RadialBlur\RadialBlur.h">
      <Filter>Elysia\ヘッダー ファイル\Polygone\PostEffct</Filter>
    </ClInclude>
    <ClInclude Include="Elysia\Polygon\PostEffect\LuminanceBasedOutline\LuminanceBasedOutline.h">
      <Filter>Elysia\ヘッダー ファイル\Polygone\PostEffct</Filter>
    </ClInclude>
    <ClInclude Include="Elysia\Polygon\PostEffect\GrayScale\GrayScale.h">
      <Filter>Elysia\ヘッダー ファイル\Polygone\PostEffct</Filter>
    </ClInclude>
    <ClInclude Include="Elysia\Polygon\PostEffect\GaussianFilter\GaussianFilter.h">
      <Filter>Elysia\ヘッダー ファイル\Polygone\PostEffct</Filter>
    </ClInclude>
    <ClInclude Include="Elysia\Polygon\PostEffect\Dissolve\DissolveEffect.h">
      <Filter>Elysia\ヘッダー ファイル\Polygone\PostEffct</Filter>
    </ClInclude>
    <ClInclude Include="Elysia\Polygon\PostEffect\BackTexture\BackTexture.h">
      <Filter>Elysia\ヘッダー ファイル\Polygone\PostEffct</Filter>
    </ClInclude>
    <ClInclude Include="Elysia\Polygon\PostEffect\BoxFilter\BoxFilter.h">
      <Filter>Elysia\ヘッダー ファイル\Polygone\PostEffct</Filter>
    </ClInclude>
    <ClInclude Include="Elysia\StringOption\StringOption.h">
      <Filter>Elysia\ヘッダー ファイル\StringOption</Filter>
    </ClInclude>
    <ClInclude Include="Elysia\Convert\Convert.h">
      <Filter>Elysia\ヘッダー ファイル\Convert</Filter>
    </ClInclude>
    <ClInclude Include="Elysia\Manager\Animation\Animation\Animation.h">
      <Filter>Elysia\ヘッダー ファイル\Manager\Animation</Filter>
    </ClInclude>
    <ClInclude Include="Elysia\Manager\Animation\Animation\NodeAnimation.h">
      <Filter>Elysia\ヘッダー ファイル\Manager\Animation</Filter>
    </ClInclude>
    <ClInclude Include="Elysia\Manager\Animation\Joint\Joint.h">
      <Filter>Elysia\ヘッダー ファイル\Manager\Animation</Filter>
    </ClInclude>
    <ClInclude Include="Elysia\Manager\Animation\Joint\JoinWeightData.h">
      <Filter>Elysia\ヘッダー ファイル\Manager\Animation</Filter>
    </ClInclude>
    <ClInclude Include="Elysia\Manager\Animation\KeyFrame\KeyFrame.h">
      <Filter>Elysia\ヘッダー ファイル\Manager\Animation</Filter>
    </ClInclude>
    <ClInclude Include="Elysia\Manager\Animation\Node\Node.h">
      <Filter>Elysia\ヘッダー ファイル\Manager\Animation</Filter>
    </ClInclude>
    <ClInclude Include="Elysia\Manager\Animation\Node\ReadNode.h">
      <Filter>Elysia\ヘッダー ファイル\Manager\Animation</Filter>
    </ClInclude>
    <ClInclude Include="Elysia\Manager\Animation\Skeleton\Skeleton.h">
      <Filter>Elysia\ヘッダー ファイル\Manager\Animation</Filter>
    </ClInclude>
    <ClInclude Include="Elysia\Manager\Animation\SkinCluster\SkinCluster.h">
      <Filter>Elysia\ヘッダー ファイル\Manager\Animation</Filter>
    </ClInclude>
    <ClInclude Include="Elysia\Manager\Animation\Vertex\VertexInfluence.h">
      <Filter>Elysia\ヘッダー ファイル\Manager\Animation</Filter>
    </ClInclude>
    <ClInclude Include="Elysia\Manager\Animation\Vertex\VertexWeightData.h">
      <Filter>Elysia\ヘッダー ファイル\Manager\Animation</Filter>
    </ClInclude>
    <ClInclude Include="Elysia\Manager\Animation\Well\WellForGPU.h">
      <Filter>Elysia\ヘッダー ファイル\Manager\Animation</Filter>
    </ClInclude>
    <ClInclude Include="Elysia\Manager\Collision\Collider.h">
      <Filter>Elysia\ヘッダー ファイル\Manager\Collision</Filter>
    </ClInclude>
    <ClInclude Include="Elysia\Manager\Collision\CollisionManager.h">
      <Filter>Elysia\ヘッダー ファイル\Manager\Collision</Filter>
    </ClInclude>
    <ClInclude Include="Elysia\Manager\Game\GameManager.h">
      <Filter>Elysia\ソース ファイル\Manager\Game</Filter>
    </ClInclude>
    <ClInclude Include="Elysia\Manager\Game\IAbstractSceneFactory.h">
      <Filter>Elysia\ソース ファイル\Manager\Game</Filter>
    </ClInclude>
    <ClInclude Include="Elysia\Manager\Game\IGameScene.h">
      <Filter>Elysia\ソース ファイル\Manager\Game</Filter>
    </ClInclude>
    <ClInclude Include="Elysia\Manager\ImGui\ImGuiManager.h">
      <Filter>Elysia\ヘッダー ファイル\Manager\ImGui</Filter>
    </ClInclude>
    <ClInclude Include="Elysia\Manager\LevelData\Model\AudioObjectForLevelEditor.h">
      <Filter>Elysia\ヘッダー ファイル\Manager\Level\Mode</Filter>
    </ClInclude>
    <ClInclude Include="Elysia\Manager\LevelData\Model\BaseObjectForLevelEditor.h">
      <Filter>Elysia\ヘッダー ファイル\Manager\Level\Mode</Filter>
    </ClInclude>
    <ClInclude Include="Elysia\Manager\LevelData\Model\StageObjectForLevelEditor.h">
      <Filter>Elysia\ヘッダー ファイル\Manager\Level\Mode</Filter>
    </ClInclude>
    <ClInclude Include="Elysia\Manager\LevelData\Model\AudioObjectForLevelEditorCollider.h">
      <Filter>Elysia\ヘッダー ファイル\Manager\Level\Collider</Filter>
    </ClInclude>
    <ClInclude Include="Elysia\Manager\LevelData\Model\IObjectForLevelEditorCollider.h">
      <Filter>Elysia\ヘッダー ファイル\Manager\Level\Collider</Filter>
    </ClInclude>
    <ClInclude Include="Elysia\Manager\LevelData\Model\StageObjectForLevelEditorCollider.h">
      <Filter>Elysia\ヘッダー ファイル\Manager\Level\Collider</Filter>
    </ClInclude>
    <ClInclude Include="Elysia\Manager\LevelData\LevelDataManager.h">
      <Filter>Elysia\ヘッダー ファイル\Manager\Level</Filter>
    </ClInclude>
    <ClInclude Include="Elysia\Manager\LevelData\Listener.h">
      <Filter>Elysia\ヘッダー ファイル\Manager\Level</Filter>
    </ClInclude>
    <ClInclude Include="Elysia\Manager\Model\ModelManager.h">
      <Filter>Elysia\ヘッダー ファイル\Manager\Model</Filter>
    </ClInclude>
    <ClInclude Include="Elysia\Manager\Model\ModelData.h">
      <Filter>Elysia\ヘッダー ファイル\Manager\Model</Filter>
    </ClInclude>
    <ClInclude Include="Elysia\Manager\Pipeline\BlendMode.h">
      <Filter>Elysia\ヘッダー ファイル\Manager\Pipeline</Filter>
    </ClInclude>
    <ClInclude Include="Elysia\Manager\Pipeline\PipelineManager.h">
      <Filter>Elysia\ヘッダー ファイル\Manager\Pipeline</Filter>
    </ClInclude>
    <ClInclude Include="Elysia\Manager\Rtv\RtvManager.h">
      <Filter>Elysia\ヘッダー ファイル\Manager\Rtv</Filter>
    </ClInclude>
    <ClInclude Include="Elysia\Manager\Srv\SrvManager.h">
      <Filter>Elysia\ヘッダー ファイル\Manager\Srv</Filter>
    </ClInclude>
    <ClInclude Include="Elysia\Manager\Texture\TextureManager.h">
      <Filter>Elysia\ヘッダー ファイル\Manager\Texture</Filter>
    </ClInclude>
  </ItemGroup>
</Project>